
Microsoft Visual Studio Solution File, Format Version 12.00
# Visual Studio Version 17
VisualStudioVersion = 17.7.34018.315
MinimumVisualStudioVersion = 10.0.40219.1
Project("{9A19103F-16F7-4668-BE54-9A1E7A4F7556}") = "Hello_World", "Hello_World\Hello_World.csproj", "{922C8045-8AC9-4117-A033-2201EC0BA9C7}"
EndProject
Project("{9A19103F-16F7-4668-BE54-9A1E7A4F7556}") = "leetcode_485", "leetcode_485\leetcode_485.csproj", "{E2AC6340-4709-4C57-BD32-84A46FD2F7A2}"
EndProject
Project("{9A19103F-16F7-4668-BE54-9A1E7A4F7556}") = "leetcode_495", "leetcode_495\leetcode_495.csproj", "{02913CB6-57FF-41E1-B2AC-E601A233807A}"
EndProject
Project("{9A19103F-16F7-4668-BE54-9A1E7A4F7556}") = "leetcode_414", "leetcode_414\leetcode_414.csproj", "{58DF660E-EC1D-4F0A-80C4-84D213834617}"
EndProject
Project("{9A19103F-16F7-4668-BE54-9A1E7A4F7556}") = "leetcode_628", "leetcode_628\leetcode_628.csproj", "{13D65A35-7F21-4FEB-B211-955379A152B0}"
EndProject
Project("{9A19103F-16F7-4668-BE54-9A1E7A4F7556}") = "leetcode_645", "leetcode_645\leetcode_645.csproj", "{98C8BA25-924C-4F97-807D-A9910F5638B6}"
EndProject
Project("{FAE04EC0-301F-11D3-BF4B-00C04F79EFBC}") = "leetcode_69", "leetcode_69\leetcode_69.csproj", "{A637A35D-671D-4D05-9864-B778035DD9A7}"
EndProject
Project("{9A19103F-16F7-4668-BE54-9A1E7A4F7556}") = "leetcode_367", "leetcode_367\leetcode_367.csproj", "{8B3629E7-833B-4FFA-8940-9469E8B5F1E2}"
EndProject
Project("{9A19103F-16F7-4668-BE54-9A1E7A4F7556}") = "leetcode_704", "leetcode_704\leetcode_704.csproj", "{D70ECB4E-D850-41AC-B63D-2AFF07D34BD7}"
EndProject
Project("{FAE04EC0-301F-11D3-BF4B-00C04F79EFBC}") = "leetcode_34", "leetcode_34\leetcode_34.csproj", "{E9B2D30D-692D-45CF-915C-F80C7FC17AD7}"
EndProject
Project("{9A19103F-16F7-4668-BE54-9A1E7A4F7556}") = "leetcode_35", "leetcode_35\leetcode_35.csproj", "{81BFBED7-5071-480E-8C5E-8F7A55C7EB03}"
EndProject
Project("{9A19103F-16F7-4668-BE54-9A1E7A4F7556}") = "leetcode_27", "leetcode_27\leetcode_27.csproj", "{F863204B-12E2-4755-86F0-0721EDE2E75C}"
EndProject
Project("{9A19103F-16F7-4668-BE54-9A1E7A4F7556}") = "leetcode_977", "leetcode_977\leetcode_977.csproj", "{29E16B3D-FE24-4571-8320-1B13E475B3FE}"
EndProject
Project("{FAE04EC0-301F-11D3-BF4B-00C04F79EFBC}") = "leet_code_209", "leet_code_209\leet_code_209.csproj", "{B446FD37-44C7-40C8-A517-5480FF647B13}"
EndProject
Project("{FAE04EC0-301F-11D3-BF4B-00C04F79EFBC}") = "leetcode_59", "leetcode_59\leetcode_59.csproj", "{B905B320-623D-4110-AFD5-CA23CDD85D06}"
EndProject
Project("{FAE04EC0-301F-11D3-BF4B-00C04F79EFBC}") = "leetcode_203", "leetcode_203\leetcode_203.csproj", "{53C168D6-3582-41B8-9F65-0711B8899425}"
EndProject
Global
	GlobalSection(SolutionConfigurationPlatforms) = preSolution
		Debug|Any CPU = Debug|Any CPU
		Release|Any CPU = Release|Any CPU
	EndGlobalSection
	GlobalSection(ProjectConfigurationPlatforms) = postSolution
		{922C8045-8AC9-4117-A033-2201EC0BA9C7}.Debug|Any CPU.ActiveCfg = Debug|Any CPU
		{922C8045-8AC9-4117-A033-2201EC0BA9C7}.Debug|Any CPU.Build.0 = Debug|Any CPU
		{922C8045-8AC9-4117-A033-2201EC0BA9C7}.Release|Any CPU.ActiveCfg = Release|Any CPU
		{922C8045-8AC9-4117-A033-2201EC0BA9C7}.Release|Any CPU.Build.0 = Release|Any CPU
		{E2AC6340-4709-4C57-BD32-84A46FD2F7A2}.Debug|Any CPU.ActiveCfg = Debug|Any CPU
		{E2AC6340-4709-4C57-BD32-84A46FD2F7A2}.Debug|Any CPU.Build.0 = Debug|Any CPU
		{E2AC6340-4709-4C57-BD32-84A46FD2F7A2}.Release|Any CPU.ActiveCfg = Release|Any CPU
		{E2AC6340-4709-4C57-BD32-84A46FD2F7A2}.Release|Any CPU.Build.0 = Release|Any CPU
		{02913CB6-57FF-41E1-B2AC-E601A233807A}.Debug|Any CPU.ActiveCfg = Debug|Any CPU
		{02913CB6-57FF-41E1-B2AC-E601A233807A}.Debug|Any CPU.Build.0 = Debug|Any CPU
		{02913CB6-57FF-41E1-B2AC-E601A233807A}.Release|Any CPU.ActiveCfg = Release|Any CPU
		{02913CB6-57FF-41E1-B2AC-E601A233807A}.Release|Any CPU.Build.0 = Release|Any CPU
		{58DF660E-EC1D-4F0A-80C4-84D213834617}.Debug|Any CPU.ActiveCfg = Debug|Any CPU
		{58DF660E-EC1D-4F0A-80C4-84D213834617}.Debug|Any CPU.Build.0 = Debug|Any CPU
		{58DF660E-EC1D-4F0A-80C4-84D213834617}.Release|Any CPU.ActiveCfg = Release|Any CPU
		{58DF660E-EC1D-4F0A-80C4-84D213834617}.Release|Any CPU.Build.0 = Release|Any CPU
		{13D65A35-7F21-4FEB-B211-955379A152B0}.Debug|Any CPU.ActiveCfg = Debug|Any CPU
		{13D65A35-7F21-4FEB-B211-955379A152B0}.Debug|Any CPU.Build.0 = Debug|Any CPU
		{13D65A35-7F21-4FEB-B211-955379A152B0}.Release|Any CPU.ActiveCfg = Release|Any CPU
		{13D65A35-7F21-4FEB-B211-955379A152B0}.Release|Any CPU.Build.0 = Release|Any CPU
		{98C8BA25-924C-4F97-807D-A9910F5638B6}.Debug|Any CPU.ActiveCfg = Debug|Any CPU
		{98C8BA25-924C-4F97-807D-A9910F5638B6}.Debug|Any CPU.Build.0 = Debug|Any CPU
		{98C8BA25-924C-4F97-807D-A9910F5638B6}.Release|Any CPU.ActiveCfg = Release|Any CPU
		{98C8BA25-924C-4F97-807D-A9910F5638B6}.Release|Any CPU.Build.0 = Release|Any CPU
		{A637A35D-671D-4D05-9864-B778035DD9A7}.Debug|Any CPU.ActiveCfg = Debug|Any CPU
		{A637A35D-671D-4D05-9864-B778035DD9A7}.Debug|Any CPU.Build.0 = Debug|Any CPU
		{A637A35D-671D-4D05-9864-B778035DD9A7}.Release|Any CPU.ActiveCfg = Release|Any CPU
		{A637A35D-671D-4D05-9864-B778035DD9A7}.Release|Any CPU.Build.0 = Release|Any CPU
		{8B3629E7-833B-4FFA-8940-9469E8B5F1E2}.Debug|Any CPU.ActiveCfg = Debug|Any CPU
		{8B3629E7-833B-4FFA-8940-9469E8B5F1E2}.Debug|Any CPU.Build.0 = Debug|Any CPU
		{8B3629E7-833B-4FFA-8940-9469E8B5F1E2}.Release|Any CPU.ActiveCfg = Release|Any CPU
		{8B3629E7-833B-4FFA-8940-9469E8B5F1E2}.Release|Any CPU.Build.0 = Release|Any CPU
		{D70ECB4E-D850-41AC-B63D-2AFF07D34BD7}.Debug|Any CPU.ActiveCfg = Debug|Any CPU
		{D70ECB4E-D850-41AC-B63D-2AFF07D34BD7}.Debug|Any CPU.Build.0 = Debug|Any CPU
		{D70ECB4E-D850-41AC-B63D-2AFF07D34BD7}.Release|Any CPU.ActiveCfg = Release|Any CPU
		{D70ECB4E-D850-41AC-B63D-2AFF07D34BD7}.Release|Any CPU.Build.0 = Release|Any CPU
		{E9B2D30D-692D-45CF-915C-F80C7FC17AD7}.Debug|Any CPU.ActiveCfg = Debug|Any CPU
		{E9B2D30D-692D-45CF-915C-F80C7FC17AD7}.Debug|Any CPU.Build.0 = Debug|Any CPU
		{E9B2D30D-692D-45CF-915C-F80C7FC17AD7}.Release|Any CPU.ActiveCfg = Release|Any CPU
		{E9B2D30D-692D-45CF-915C-F80C7FC17AD7}.Release|Any CPU.Build.0 = Release|Any CPU
		{81BFBED7-5071-480E-8C5E-8F7A55C7EB03}.Debug|Any CPU.ActiveCfg = Debug|Any CPU
		{81BFBED7-5071-480E-8C5E-8F7A55C7EB03}.Debug|Any CPU.Build.0 = Debug|Any CPU
		{81BFBED7-5071-480E-8C5E-8F7A55C7EB03}.Release|Any CPU.ActiveCfg = Release|Any CPU
		{81BFBED7-5071-480E-8C5E-8F7A55C7EB03}.Release|Any CPU.Build.0 = Release|Any CPU
		{F863204B-12E2-4755-86F0-0721EDE2E75C}.Debug|Any CPU.ActiveCfg = Debug|Any CPU
		{F863204B-12E2-4755-86F0-0721EDE2E75C}.Debug|Any CPU.Build.0 = Debug|Any CPU
		{F863204B-12E2-4755-86F0-0721EDE2E75C}.Release|Any CPU.ActiveCfg = Release|Any CPU
		{F863204B-12E2-4755-86F0-0721EDE2E75C}.Release|Any CPU.Build.0 = Release|Any CPU
		{29E16B3D-FE24-4571-8320-1B13E475B3FE}.Debug|Any CPU.ActiveCfg = Debug|Any CPU
		{29E16B3D-FE24-4571-8320-1B13E475B3FE}.Debug|Any CPU.Build.0 = Debug|Any CPU
		{29E16B3D-FE24-4571-8320-1B13E475B3FE}.Release|Any CPU.ActiveCfg = Release|Any CPU
		{29E16B3D-FE24-4571-8320-1B13E475B3FE}.Release|Any CPU.Build.0 = Release|Any CPU
		{B446FD37-44C7-40C8-A517-5480FF647B13}.Debug|Any CPU.ActiveCfg = Debug|Any CPU
		{B446FD37-44C7-40C8-A517-5480FF647B13}.Debug|Any CPU.Build.0 = Debug|Any CPU
		{B446FD37-44C7-40C8-A517-5480FF647B13}.Release|Any CPU.ActiveCfg = Release|Any CPU
		{B446FD37-44C7-40C8-A517-5480FF647B13}.Release|Any CPU.Build.0 = Release|Any CPU
		{B905B320-623D-4110-AFD5-CA23CDD85D06}.Debug|Any CPU.ActiveCfg = Debug|Any CPU
		{B905B320-623D-4110-AFD5-CA23CDD85D06}.Debug|Any CPU.Build.0 = Debug|Any CPU
		{B905B320-623D-4110-AFD5-CA23CDD85D06}.Release|Any CPU.ActiveCfg = Release|Any CPU
		{B905B320-623D-4110-AFD5-CA23CDD85D06}.Release|Any CPU.Build.0 = Release|Any CPU
		{53C168D6-3582-41B8-9F65-0711B8899425}.Debug|Any CPU.ActiveCfg = Debug|Any CPU
		{53C168D6-3582-41B8-9F65-0711B8899425}.Debug|Any CPU.Build.0 = Debug|Any CPU
		{53C168D6-3582-41B8-9F65-0711B8899425}.Release|Any CPU.ActiveCfg = Release|Any CPU
		{53C168D6-3582-41B8-9F65-0711B8899425}.Release|Any CPU.Build.0 = Release|Any CPU
	EndGlobalSection
	GlobalSection(SolutionProperties) = preSolution
		HideSolutionNode = FALSE
	EndGlobalSection
	GlobalSection(ExtensibilityGlobals) = postSolution
		SolutionGuid = {C47609E2-940A-4EEC-9722-FD6E7FBBCF17}
	EndGlobalSection
EndGlobal
